
Microsoft Visual Studio Solution File, Format Version 12.00
# Visual Studio Version 17
VisualStudioVersion = 17.11.35327.3
MinimumVisualStudioVersion = 10.0.40219.1
Project("{FAE04EC0-301F-11D3-BF4B-00C04F79EFBC}") = "Homework2.8", "Homework2.8\Homework2.8.csproj", "{1B6080CB-0E15-4BA5-9DA0-F00CC132ED3B}"
EndProject
Global
	GlobalSection(SolutionConfigurationPlatforms) = preSolution
		Debug|Any CPU = Debug|Any CPU
		Release|Any CPU = Release|Any CPU
	EndGlobalSection
	GlobalSection(ProjectConfigurationPlatforms) = postSolution
		{1B6080CB-0E15-4BA5-9DA0-F00CC132ED3B}.Debug|Any CPU.ActiveCfg = Debug|Any CPU
		{1B6080CB-0E15-4BA5-9DA0-F00CC132ED3B}.Debug|Any CPU.Build.0 = Debug|Any CPU
		{1B6080CB-0E15-4BA5-9DA0-F00CC132ED3B}.Release|Any CPU.ActiveCfg = Release|Any CPU
		{1B6080CB-0E15-4BA5-9DA0-F00CC132ED3B}.Release|Any CPU.Build.0 = Release|Any CPU
	EndGlobalSection
	GlobalSection(SolutionProperties) = preSolution
		HideSolutionNode = FALSE
	EndGlobalSection
	GlobalSection(ExtensibilityGlobals) = postSolution
		SolutionGuid = {72DACEE0-D2AD-434C-8884-04E75F819C3F}
	EndGlobalSection
EndGlobal
